
Microsoft Visual Studio Solution File, Format Version 12.00
# Visual Studio Version 17
VisualStudioVersion = 17.5.33424.131
MinimumVisualStudioVersion = 10.0.40219.1
Project("{F184B08F-C81C-45F6-A57F-5ABD9991F28F}") = "дз 3", "дз 3\дз 3.vbproj", "{7DEE54E1-0579-48CE-94BF-BB4E0222C3D3}"
EndProject
Global
	GlobalSection(SolutionConfigurationPlatforms) = preSolution
		Debug|Any CPU = Debug|Any CPU
		Release|Any CPU = Release|Any CPU
	EndGlobalSection
	GlobalSection(ProjectConfigurationPlatforms) = postSolution
		{7DEE54E1-0579-48CE-94BF-BB4E0222C3D3}.Debug|Any CPU.ActiveCfg = Debug|Any CPU
		{7DEE54E1-0579-48CE-94BF-BB4E0222C3D3}.Debug|Any CPU.Build.0 = Debug|Any CPU
		{7DEE54E1-0579-48CE-94BF-BB4E0222C3D3}.Release|Any CPU.ActiveCfg = Release|Any CPU
		{7DEE54E1-0579-48CE-94BF-BB4E0222C3D3}.Release|Any CPU.Build.0 = Release|Any CPU
	EndGlobalSection
	GlobalSection(SolutionProperties) = preSolution
		HideSolutionNode = FALSE
	EndGlobalSection
	GlobalSection(ExtensibilityGlobals) = postSolution
		SolutionGuid = {E9097AB0-8CA9-4CC5-A6F4-9ACF8E9A8FE4}
	EndGlobalSection
EndGlobal
